// !$*UTF8*$!
{
	archiveVersion = 1;
	classes = {
	};
	objectVersion = 77;
	objects = {

/* Begin PBXContainerItemProxy section */
		6DA18A612DC5F34D0032F1C2 /* PBXContainerItemProxy */ = {
			isa = PBXContainerItemProxy;
			containerPortal = 6DA18A482DC5F34C0032F1C2 /* Project object */;
			proxyType = 1;
			remoteGlobalIDString = 6DA18A4F2DC5F34C0032F1C2;
			remoteInfo = GoldTime;
		};
		6DA18A6B2DC5F34D0032F1C2 /* PBXContainerItemProxy */ = {
			isa = PBXContainerItemProxy;
			containerPortal = 6DA18A482DC5F34C0032F1C2 /* Project object */;
			proxyType = 1;
			remoteGlobalIDString = 6DA18A4F2DC5F34C0032F1C2;
			remoteInfo = GoldTime;
		};
/* End PBXContainerItemProxy section */

/* Begin PBXFileReference section */
		6DA18A502DC5F34C0032F1C2 /* GoldTime.app */ = {isa = PBXFileReference; explicitFileType = wrapper.application; includeInIndex = 0; path = GoldTime.app; sourceTree = BUILT_PRODUCTS_DIR; };
		6DA18A602DC5F34D0032F1C2 /* GoldTimeTests.xctest */ = {isa = PBXFileReference; explicitFileType = wrapper.cfbundle; includeInIndex = 0; path = GoldTimeTests.xctest; sourceTree = BUILT_PRODUCTS_DIR; };
		6DA18A6A2DC5F34D0032F1C2 /* GoldTimeUITests.xctest */ = {isa = PBXFileReference; explicitFileType = wrapper.cfbundle; includeInIndex = 0; path = GoldTimeUITests.xctest; sourceTree = BUILT_PRODUCTS_DIR; };
/* End PBXFileReference section */

/* Begin PBXFileSystemSynchronizedRootGroup section */
		6DA18A522DC5F34C0032F1C2 /* GoldTime */ = {
			isa = PBXFileSystemSynchronizedRootGroup;
			path = GoldTime;
			sourceTree = "<group>";
		};
		6DA18A632DC5F34D0032F1C2 /* GoldTimeTests */ = {
			isa = PBXFileSystemSynchronizedRootGroup;
			path = GoldTimeTests;
			sourceTree = "<group>";
		};
		6DA18A6D2DC5F34D0032F1C2 /* GoldTimeUITests */ = {
			isa = PBXFileSystemSynchronizedRootGroup;
			path = GoldTimeUITests;
			sourceTree = "<group>";
		};
/* End PBXFileSystemSynchronizedRootGroup section */

/* Begin PBXFrameworksBuildPhase section */
		6DA18A4D2DC5F34C0032F1C2 /* Frameworks */ = {
			isa = PBXFrameworksBuildPhase;
			buildActionMask = 2147483647;
			files = (
			);
			runOnlyForDeploymentPostprocessing = 0;
		};
		6DA18A5D2DC5F34D0032F1C2 /* Frameworks */ = {
			isa = PBXFrameworksBuildPhase;
			buildActionMask = 2147483647;
			files = (
			);
			runOnlyForDeploymentPostprocessing = 0;
		};
		6DA18A672DC5F34D0032F1C2 /* Frameworks */ = {
			isa = PBXFrameworksBuildPhase;
			buildActionMask = 2147483647;
			files = (
			);
			runOnlyForDeploymentPostprocessing = 0;
		};
/* End PBXFrameworksBuildPhase section */

/* Begin PBXGroup section */
		6DA18A472DC5F34C0032F1C2 = {
			isa = PBXGroup;
			children = (
				6DA18A522DC5F34C0032F1C2 /* GoldTime */,
				6DA18A632DC5F34D0032F1C2 /* GoldTimeTests */,
				6DA18A6D2DC5F34D0032F1C2 /* GoldTimeUITests */,
				6DA18A512DC5F34C0032F1C2 /* Products */,
			);
			sourceTree = "<group>";
		};
		6DA18A512DC5F34C0032F1C2 /* Products */ = {
			isa = PBXGroup;
			children = (
				6DA18A502DC5F34C0032F1C2 /* GoldTime.app */,
				6DA18A602DC5F34D0032F1C2 /* GoldTimeTests.xctest */,
				6DA18A6A2DC5F34D0032F1C2 /* GoldTimeUITests.xctest */,
			);
			name = Products;
			sourceTree = "<group>";
		};
/* End PBXGroup section */

/* Begin PBXNativeTarget section */
		6DA18A4F2DC5F34C0032F1C2 /* GoldTime */ = {
			isa = PBXNativeTarget;
			buildConfigurationList = 6DA18A742DC5F34D0032F1C2 /* Build configuration list for PBXNativeTarget "GoldTime" */;
			buildPhases = (
				6DA18A4C2DC5F34C0032F1C2 /* Sources */,
				6DA18A4D2DC5F34C0032F1C2 /* Frameworks */,
				6DA18A4E2DC5F34C0032F1C2 /* Resources */,
			);
			buildRules = (
			);
			dependencies = (
			);
			fileSystemSynchronizedGroups = (
				6DA18A522DC5F34C0032F1C2 /* GoldTime */,
			);
			name = GoldTime;
			packageProductDependencies = (
			);
			productName = GoldTime;
			productReference = 6DA18A502DC5F34C0032F1C2 /* GoldTime.app */;
			productType = "com.apple.product-type.application";
		};
		6DA18A5F2DC5F34D0032F1C2 /* GoldTimeTests */ = {
			isa = PBXNativeTarget;
			buildConfigurationList = 6DA18A772DC5F34D0032F1C2 /* Build configuration list for PBXNativeTarget "GoldTimeTests" */;
			buildPhases = (
				6DA18A5C2DC5F34D0032F1C2 /* Sources */,
				6DA18A5D2DC5F34D0032F1C2 /* Frameworks */,
				6DA18A5E2DC5F34D0032F1C2 /* Resources */,
			);
			buildRules = (
			);
			dependencies = (
				6DA18A622DC5F34D0032F1C2 /* PBXTargetDependency */,
			);
			fileSystemSynchronizedGroups = (
				6DA18A632DC5F34D0032F1C2 /* GoldTimeTests */,
			);
			name = GoldTimeTests;
			packageProductDependencies = (
			);
			productName = GoldTimeTests;
			productReference = 6DA18A602DC5F34D0032F1C2 /* GoldTimeTests.xctest */;
			productType = "com.apple.product-type.bundle.unit-test";
		};
		6DA18A692DC5F34D0032F1C2 /* GoldTimeUITests */ = {
			isa = PBXNativeTarget;
			buildConfigurationList = 6DA18A7A2DC5F34D0032F1C2 /* Build configuration list for PBXNativeTarget "GoldTimeUITests" */;
			buildPhases = (
				6DA18A662DC5F34D0032F1C2 /* Sources */,
				6DA18A672DC5F34D0032F1C2 /* Frameworks */,
				6DA18A682DC5F34D0032F1C2 /* Resources */,
			);
			buildRules = (
			);
			dependencies = (
				6DA18A6C2DC5F34D0032F1C2 /* PBXTargetDependency */,
			);
			fileSystemSynchronizedGroups = (
				6DA18A6D2DC5F34D0032F1C2 /* GoldTimeUITests */,
			);
			name = GoldTimeUITests;
			packageProductDependencies = (
			);
			productName = GoldTimeUITests;
			productReference = 6DA18A6A2DC5F34D0032F1C2 /* GoldTimeUITests.xctest */;
			productType = "com.apple.product-type.bundle.ui-testing";
		};
/* End PBXNativeTarget section */

/* Begin PBXProject section */
		6DA18A482DC5F34C0032F1C2 /* Project object */ = {
			isa = PBXProject;
			attributes = {
				BuildIndependentTargetsInParallel = 1;
				LastSwiftUpdateCheck = 1600;
				LastUpgradeCheck = 1600;
				TargetAttributes = {
					6DA18A4F2DC5F34C0032F1C2 = {
						CreatedOnToolsVersion = 16.0;
					};
					6DA18A5F2DC5F34D0032F1C2 = {
						CreatedOnToolsVersion = 16.0;
						TestTargetID = 6DA18A4F2DC5F34C0032F1C2;
					};
					6DA18A692DC5F34D0032F1C2 = {
						CreatedOnToolsVersion = 16.0;
						TestTargetID = 6DA18A4F2DC5F34C0032F1C2;
					};
				};
			};
			buildConfigurationList = 6DA18A4B2DC5F34C0032F1C2 /* Build configuration list for PBXProject "GoldTime" */;
			developmentRegion = en;
			hasScannedForEncodings = 0;
			knownRegions = (
				en,
				Base,
			);
			mainGroup = 6DA18A472DC5F34C0032F1C2;
			minimizedProjectReferenceProxies = 1;
			preferredProjectObjectVersion = 77;
			productRefGroup = 6DA18A512DC5F34C0032F1C2 /* Products */;
			projectDirPath = "";
			projectRoot = "";
			targets = (
				6DA18A4F2DC5F34C0032F1C2 /* GoldTime */,
				6DA18A5F2DC5F34D0032F1C2 /* GoldTimeTests */,
				6DA18A692DC5F34D0032F1C2 /* GoldTimeUITests */,
			);
		};
/* End PBXProject section */

/* Begin PBXResourcesBuildPhase section */
		6DA18A4E2DC5F34C0032F1C2 /* Resources */ = {
			isa = PBXResourcesBuildPhase;
			buildActionMask = 2147483647;
			files = (
			);
			runOnlyForDeploymentPostprocessing = 0;
		};
		6DA18A5E2DC5F34D0032F1C2 /* Resources */ = {
			isa = PBXResourcesBuildPhase;
			buildActionMask = 2147483647;
			files = (
			);
			runOnlyForDeploymentPostprocessing = 0;
		};
		6DA18A682DC5F34D0032F1C2 /* Resources */ = {
			isa = PBXResourcesBuildPhase;
			buildActionMask = 2147483647;
			files = (
			);
			runOnlyForDeploymentPostprocessing = 0;
		};
/* End PBXResourcesBuildPhase section */

/* Begin PBXSourcesBuildPhase section */
		6DA18A4C2DC5F34C0032F1C2 /* Sources */ = {
			isa = PBXSourcesBuildPhase;
			buildActionMask = 2147483647;
			files = (
			);
			runOnlyForDeploymentPostprocessing = 0;
		};
		6DA18A5C2DC5F34D0032F1C2 /* Sources */ = {
			isa = PBXSourcesBuildPhase;
			buildActionMask = 2147483647;
			files = (
			);
			runOnlyForDeploymentPostprocessing = 0;
		};
		6DA18A662DC5F34D0032F1C2 /* Sources */ = {
			isa = PBXSourcesBuildPhase;
			buildActionMask = 2147483647;
			files = (
			);
			runOnlyForDeploymentPostprocessing = 0;
		};
/* End PBXSourcesBuildPhase section */

/* Begin PBXTargetDependency section */
		6DA18A622DC5F34D0032F1C2 /* PBXTargetDependency */ = {
			isa = PBXTargetDependency;
			target = 6DA18A4F2DC5F34C0032F1C2 /* GoldTime */;
			targetProxy = 6DA18A612DC5F34D0032F1C2 /* PBXContainerItemProxy */;
		};
		6DA18A6C2DC5F34D0032F1C2 /* PBXTargetDependency */ = {
			isa = PBXTargetDependency;
			target = 6DA18A4F2DC5F34C0032F1C2 /* GoldTime */;
			targetProxy = 6DA18A6B2DC5F34D0032F1C2 /* PBXContainerItemProxy */;
		};
/* End PBXTargetDependency section */

/* Begin XCBuildConfiguration section */
		6DA18A722DC5F34D0032F1C2 /* Debug */ = {
			isa = XCBuildConfiguration;
			buildSettings = {
				ALWAYS_SEARCH_USER_PATHS = NO;
				ASSETCATALOG_COMPILER_GENERATE_SWIFT_ASSET_SYMBOL_EXTENSIONS = YES;
				CLANG_ANALYZER_NONNULL = YES;
				CLANG_ANALYZER_NUMBER_OBJECT_CONVERSION = YES_AGGRESSIVE;
				CLANG_CXX_LANGUAGE_STANDARD = "gnu++20";
				CLANG_ENABLE_MODULES = YES;
				CLANG_ENABLE_OBJC_ARC = YES;
				CLANG_ENABLE_OBJC_WEAK = YES;
				CLANG_WARN_BLOCK_CAPTURE_AUTORELEASING = YES;
				CLANG_WARN_BOOL_CONVERSION = YES;
				CLANG_WARN_COMMA = YES;
				CLANG_WARN_CONSTANT_CONVERSION = YES;
				CLANG_WARN_DEPRECATED_OBJC_IMPLEMENTATIONS = YES;
				CLANG_WARN_DIRECT_OBJC_ISA_USAGE = YES_ERROR;
				CLANG_WARN_DOCUMENTATION_COMMENTS = YES;
				CLANG_WARN_EMPTY_BODY = YES;
				CLANG_WARN_ENUM_CONVERSION = YES;
				CLANG_WARN_INFINITE_RECURSION = YES;
				CLANG_WARN_INT_CONVERSION = YES;
				CLANG_WARN_NON_LITERAL_NULL_CONVERSION = YES;
				CLANG_WARN_OBJC_IMPLICIT_RETAIN_SELF = YES;
				CLANG_WARN_OBJC_LITERAL_CONVERSION = YES;
				CLANG_WARN_OBJC_ROOT_CLASS = YES_ERROR;
				CLANG_WARN_QUOTED_INCLUDE_IN_FRAMEWORK_HEADER = YES;
				CLANG_WARN_RANGE_LOOP_ANALYSIS = YES;
				CLANG_WARN_STRICT_PROTOTYPES = YES;
				CLANG_WARN_SUSPICIOUS_MOVE = YES;
				CLANG_WARN_UNGUARDED_AVAILABILITY = YES_AGGRESSIVE;
				CLANG_WARN_UNREACHABLE_CODE = YES;
				CLANG_WARN__DUPLICATE_METHOD_MATCH = YES;
				COPY_PHASE_STRIP = NO;
				DEBUG_INFORMATION_FORMAT = dwarf;
				ENABLE_STRICT_OBJC_MSGSEND = YES;
				ENABLE_TESTABILITY = YES;
				ENABLE_USER_SCRIPT_SANDBOXING = YES;
				GCC_C_LANGUAGE_STANDARD = gnu17;
				GCC_DYNAMIC_NO_PIC = NO;
				GCC_NO_COMMON_BLOCKS = YES;
				GCC_OPTIMIZATION_LEVEL = 0;
				GCC_PREPROCESSOR_DEFINITIONS = (
					"DEBUG=1",
					"$(inherited)",
				);
				GCC_WARN_64_TO_32_BIT_CONVERSION = YES;
				GCC_WARN_ABOUT_RETURN_TYPE = YES_ERROR;
				GCC_WARN_UNDECLARED_SELECTOR = YES;
				GCC_WARN_UNINITIALIZED_AUTOS = YES_AGGRESSIVE;
				GCC_WARN_UNUSED_FUNCTION = YES;
				GCC_WARN_UNUSED_VARIABLE = YES;
				IPHONEOS_DEPLOYMENT_TARGET = 18.0;
				LOCALIZATION_PREFERS_STRING_CATALOGS = YES;
				MTL_ENABLE_DEBUG_INFO = INCLUDE_SOURCE;
				MTL_FAST_MATH = YES;
				ONLY_ACTIVE_ARCH = YES;
				SDKROOT = iphoneos;
				SWIFT_ACTIVE_COMPILATION_CONDITIONS = "DEBUG $(inherited)";
				SWIFT_OPTIMIZATION_LEVEL = "-Onone";
			};
			name = Debug;
		};
		6DA18A732DC5F34D0032F1C2 /* Release */ = {
			isa = XCBuildConfiguration;
			buildSettings = {
				ALWAYS_SEARCH_USER_PATHS = NO;
				ASSETCATALOG_COMPILER_GENERATE_SWIFT_ASSET_SYMBOL_EXTENSIONS = YES;
				CLANG_ANALYZER_NONNULL = YES;
				CLANG_ANALYZER_NUMBER_OBJECT_CONVERSION = YES_AGGRESSIVE;
				CLANG_CXX_LANGUAGE_STANDARD = "gnu++20";
				CLANG_ENABLE_MODULES = YES;
				CLANG_ENABLE_OBJC_ARC = YES;
				CLANG_ENABLE_OBJC_WEAK = YES;
				CLANG_WARN_BLOCK_CAPTURE_AUTORELEASING = YES;
				CLANG_WARN_BOOL_CONVERSION = YES;
				CLANG_WARN_COMMA = YES;
				CLANG_WARN_CONSTANT_CONVERSION = YES;
				CLANG_WARN_DEPRECATED_OBJC_IMPLEMENTATIONS = YES;
				CLANG_WARN_DIRECT_OBJC_ISA_USAGE = YES_ERROR;
				CLANG_WARN_DOCUMENTATION_COMMENTS = YES;
				CLANG_WARN_EMPTY_BODY = YES;
				CLANG_WARN_ENUM_CONVERSION = YES;
				CLANG_WARN_INFINITE_RECURSION = YES;
				CLANG_WARN_INT_CONVERSION = YES;
				CLANG_WARN_NON_LITERAL_NULL_CONVERSION = YES;
				CLANG_WARN_OBJC_IMPLICIT_RETAIN_SELF = YES;
				CLANG_WARN_OBJC_LITERAL_CONVERSION = YES;
				CLANG_WARN_OBJC_ROOT_CLASS = YES_ERROR;
				CLANG_WARN_QUOTED_INCLUDE_IN_FRAMEWORK_HEADER = YES;
				CLANG_WARN_RANGE_LOOP_ANALYSIS = YES;
				CLANG_WARN_STRICT_PROTOTYPES = YES;
				CLANG_WARN_SUSPICIOUS_MOVE = YES;
				CLANG_WARN_UNGUARDED_AVAILABILITY = YES_AGGRESSIVE;
				CLANG_WARN_UNREACHABLE_CODE = YES;
				CLANG_WARN__DUPLICATE_METHOD_MATCH = YES;
				COPY_PHASE_STRIP = NO;
				DEBUG_INFORMATION_FORMAT = "dwarf-with-dsym";
				ENABLE_NS_ASSERTIONS = NO;
				ENABLE_STRICT_OBJC_MSGSEND = YES;
				ENABLE_USER_SCRIPT_SANDBOXING = YES;
				GCC_C_LANGUAGE_STANDARD = gnu17;
				GCC_NO_COMMON_BLOCKS = YES;
				GCC_WARN_64_TO_32_BIT_CONVERSION = YES;
				GCC_WARN_ABOUT_RETURN_TYPE = YES_ERROR;
				GCC_WARN_UNDECLARED_SELECTOR = YES;
				GCC_WARN_UNINITIALIZED_AUTOS = YES_AGGRESSIVE;
				GCC_WARN_UNUSED_FUNCTION = YES;
				GCC_WARN_UNUSED_VARIABLE = YES;
				IPHONEOS_DEPLOYMENT_TARGET = 18.0;
				LOCALIZATION_PREFERS_STRING_CATALOGS = YES;
				MTL_ENABLE_DEBUG_INFO = NO;
				MTL_FAST_MATH = YES;
				SDKROOT = iphoneos;
				SWIFT_COMPILATION_MODE = wholemodule;
				VALIDATE_PRODUCT = YES;
			};
			name = Release;
		};
		6DA18A752DC5F34D0032F1C2 /* Debug */ = {
			isa = XCBuildConfiguration;
			buildSettings = {
				ASSETCATALOG_COMPILER_APPICON_NAME = AppIcon;
				ASSETCATALOG_COMPILER_GLOBAL_ACCENT_COLOR_NAME = AccentColor;
				CODE_SIGN_STYLE = Automatic;
				CURRENT_PROJECT_VERSION = 1;
				DEVELOPMENT_ASSET_PATHS = "\"GoldTime/Preview Content\"";
				DEVELOPMENT_TEAM = AJ8X62G5FR;
				ENABLE_PREVIEWS = YES;
				GENERATE_INFOPLIST_FILE = YES;
				INFOPLIST_KEY_UIApplicationSceneManifest_Generation = YES;
				INFOPLIST_KEY_UIApplicationSupportsIndirectInputEvents = YES;
				INFOPLIST_KEY_UILaunchScreen_Generation = YES;
				INFOPLIST_KEY_UISupportedInterfaceOrientations_iPad = "UIInterfaceOrientationPortrait UIInterfaceOrientationPortraitUpsideDown UIInterfaceOrientationLandscapeLeft UIInterfaceOrientationLandscapeRight";
				INFOPLIST_KEY_UISupportedInterfaceOrientations_iPhone = "UIInterfaceOrientationPortrait UIInterfaceOrientationLandscapeLeft UIInterfaceOrientationLandscapeRight";
				LD_RUNPATH_SEARCH_PATHS = (
					"$(inherited)",
					"@executable_path/Frameworks",
				);
				MARKETING_VERSION = 1.0;
				PRODUCT_BUNDLE_IDENTIFIER = wix.GoldTime;
				PRODUCT_NAME = "$(TARGET_NAME)";
				SWIFT_EMIT_LOC_STRINGS = YES;
				SWIFT_VERSION = 5.0;
				TARGETED_DEVICE_FAMILY = "1,2";
			};
			name = Debug;
		};
		6DA18A762DC5F34D0032F1C2 /* Release */ = {
			isa = XCBuildConfiguration;
			buildSettings = {
				ASSETCATALOG_COMPILER_APPICON_NAME = AppIcon;
				ASSETCATALOG_COMPILER_GLOBAL_ACCENT_COLOR_NAME = AccentColor;
				CODE_SIGN_STYLE = Automatic;
				CURRENT_PROJECT_VERSION = 1;
				DEVELOPMENT_ASSET_PATHS = "\"GoldTime/Preview Content\"";
				DEVELOPMENT_TEAM = AJ8X62G5FR;
				ENABLE_PREVIEWS = YES;
				GENERATE_INFOPLIST_FILE = YES;
				INFOPLIST_KEY_UIApplicationSceneManifest_Generation = YES;
				INFOPLIST_KEY_UIApplicationSupportsIndirectInputEvents = YES;
				INFOPLIST_KEY_UILaunchScreen_Generation = YES;
				INFOPLIST_KEY_UISupportedInterfaceOrientations_iPad = "UIInterfaceOrientationPortrait UIInterfaceOrientationPortraitUpsideDown UIInterfaceOrientationLandscapeLeft UIInterfaceOrientationLandscapeRight";
				INFOPLIST_KEY_UISupportedInterfaceOrientations_iPhone = "UIInterfaceOrientationPortrait UIInterfaceOrientationLandscapeLeft UIInterfaceOrientationLandscapeRight";
				LD_RUNPATH_SEARCH_PATHS = (
					"$(inherited)",
					"@executable_path/Frameworks",
				);
				MARKETING_VERSION = 1.0;
				PRODUCT_BUNDLE_IDENTIFIER = wix.GoldTime;
				PRODUCT_NAME = "$(TARGET_NAME)";
				SWIFT_EMIT_LOC_STRINGS = YES;
				SWIFT_VERSION = 5.0;
				TARGETED_DEVICE_FAMILY = "1,2";
			};
			name = Release;
		};
		6DA18A782DC5F34D0032F1C2 /* Debug */ = {
			isa = XCBuildConfiguration;
			buildSettings = {
				BUNDLE_LOADER = "$(TEST_HOST)";
				CODE_SIGN_STYLE = Automatic;
				CURRENT_PROJECT_VERSION = 1;
				DEVELOPMENT_TEAM = AJ8X62G5FR;
				GENERATE_INFOPLIST_FILE = YES;
				IPHONEOS_DEPLOYMENT_TARGET = 18.0;
				MARKETING_VERSION = 1.0;
				PRODUCT_BUNDLE_IDENTIFIER = wix.GoldTimeTests;
				PRODUCT_NAME = "$(TARGET_NAME)";
				SWIFT_EMIT_LOC_STRINGS = NO;
				SWIFT_VERSION = 5.0;
				TARGETED_DEVICE_FAMILY = "1,2";
				TEST_HOST = "$(BUILT_PRODUCTS_DIR)/GoldTime.app/$(BUNDLE_EXECUTABLE_FOLDER_PATH)/GoldTime";
			};
			name = Debug;
		};
		6DA18A792DC5F34D0032F1C2 /* Release */ = {
			isa = XCBuildConfiguration;
			buildSettings = {
				BUNDLE_LOADER = "$(TEST_HOST)";
				CODE_SIGN_STYLE = Automatic;
				CURRENT_PROJECT_VERSION = 1;
				DEVELOPMENT_TEAM = AJ8X62G5FR;
				GENERATE_INFOPLIST_FILE = YES;
				IPHONEOS_DEPLOYMENT_TARGET = 18.0;
				MARKETING_VERSION = 1.0;
				PRODUCT_BUNDLE_IDENTIFIER = wix.GoldTimeTests;
				PRODUCT_NAME = "$(TARGET_NAME)";
				SWIFT_EMIT_LOC_STRINGS = NO;
				SWIFT_VERSION = 5.0;
				TARGETED_DEVICE_FAMILY = "1,2";
				TEST_HOST = "$(BUILT_PRODUCTS_DIR)/GoldTime.app/$(BUNDLE_EXECUTABLE_FOLDER_PATH)/GoldTime";
			};
			name = Release;
		};
		6DA18A7B2DC5F34D0032F1C2 /* Debug */ = {
			isa = XCBuildConfiguration;
			buildSettings = {
				CODE_SIGN_STYLE = Automatic;
				CURRENT_PROJECT_VERSION = 1;
				DEVELOPMENT_TEAM = AJ8X62G5FR;
				GENERATE_INFOPLIST_FILE = YES;
				MARKETING_VERSION = 1.0;
				PRODUCT_BUNDLE_IDENTIFIER = wix.GoldTimeUITests;
				PRODUCT_NAME = "$(TARGET_NAME)";
				SWIFT_EMIT_LOC_STRINGS = NO;
				SWIFT_VERSION = 5.0;
				TARGETED_DEVICE_FAMILY = "1,2";
				TEST_TARGET_NAME = GoldTime;
			};
			name = Debug;
		};
		6DA18A7C2DC5F34D0032F1C2 /* Release */ = {
			isa = XCBuildConfiguration;
			buildSettings = {
				CODE_SIGN_STYLE = Automatic;
				CURRENT_PROJECT_VERSION = 1;
				DEVELOPMENT_TEAM = AJ8X62G5FR;
				GENERATE_INFOPLIST_FILE = YES;
				MARKETING_VERSION = 1.0;
				PRODUCT_BUNDLE_IDENTIFIER = wix.GoldTimeUITests;
				PRODUCT_NAME = "$(TARGET_NAME)";
				SWIFT_EMIT_LOC_STRINGS = NO;
				SWIFT_VERSION = 5.0;
				TARGETED_DEVICE_FAMILY = "1,2";
				TEST_TARGET_NAME = GoldTime;
			};
			name = Release;
		};
/* End XCBuildConfiguration section */

/* Begin XCConfigurationList section */
		6DA18A4B2DC5F34C0032F1C2 /* Build configuration list for PBXProject "GoldTime" */ = {
			isa = XCConfigurationList;
			buildConfigurations = (
				6DA18A722DC5F34D0032F1C2 /* Debug */,
				6DA18A732DC5F34D0032F1C2 /* Release */,
			);
			defaultConfigurationIsVisible = 0;
			defaultConfigurationName = Release;
		};
		6DA18A742DC5F34D0032F1C2 /* Build configuration list for PBXNativeTarget "GoldTime" */ = {
			isa = XCConfigurationList;
			buildConfigurations = (
				6DA18A752DC5F34D0032F1C2 /* Debug */,
				6DA18A762DC5F34D0032F1C2 /* Release */,
			);
			defaultConfigurationIsVisible = 0;
			defaultConfigurationName = Release;
		};
		6DA18A772DC5F34D0032F1C2 /* Build configuration list for PBXNativeTarget "GoldTimeTests" */ = {
			isa = XCConfigurationList;
			buildConfigurations = (
				6DA18A782DC5F34D0032F1C2 /* Debug */,
				6DA18A792DC5F34D0032F1C2 /* Release */,
			);
			defaultConfigurationIsVisible = 0;
			defaultConfigurationName = Release;
		};
		6DA18A7A2DC5F34D0032F1C2 /* Build configuration list for PBXNativeTarget "GoldTimeUITests" */ = {
			isa = XCConfigurationList;
			buildConfigurations = (
				6DA18A7B2DC5F34D0032F1C2 /* Debug */,
				6DA18A7C2DC5F34D0032F1C2 /* Release */,
			);
			defaultConfigurationIsVisible = 0;
			defaultConfigurationName = Release;
		};
/* End XCConfigurationList section */
	};
	rootObject = 6DA18A482DC5F34C0032F1C2 /* Project object */;
}
